schema: '2.0'
stages:
  train:
    cmd: python ml/training/train.py
    deps:
    - path: ml/training/tickets.csv
      hash: md5
      md5: 71cc9465d6b73c6af623fe0aa4520f6d
      size: 231815
    - path: ml/training/train.py
      hash: md5
      md5: 621e4331a085631d302e35f47114312a
      size: 3396
    outs:
    - path: ml/models/category_model.pkl
      hash: md5
      md5: f9735d8824d456c4bd350849f2ec0a6e
      size: 16692
    - path: ml/models/model_metadata.json
      hash: md5
      md5: db083c4e99927b00706fbf6a25e648a8
      size: 219
    - path: ml/models/urgency_model.pkl
      hash: md5
      md5: fee56949cf5de0e6efb2f7306466dc59
      size: 16692
  evaluate:
    cmd: python ml/training/evaluate.py
    deps:
    - path: ml/models/category_model.pkl
      hash: md5
      md5: f9735d8824d456c4bd350849f2ec0a6e
      size: 16692
    - path: ml/models/urgency_model.pkl
      hash: md5
      md5: fee56949cf5de0e6efb2f7306466dc59
      size: 16692
    - path: ml/training/evaluate.py
      hash: md5
      md5: a8eef746dc5f571e5ca91b275f2d337c
      size: 5249
    - path: ml/training/tickets.csv
      hash: md5
      md5: 71cc9465d6b73c6af623fe0aa4520f6d
      size: 231815
    outs:
    - path: ml/models/eval_report.txt
      hash: md5
      md5: 5259b9aa45d685f4f0d5fe4acc98f0db
      size: 795
    - path: ml/models/metrics.json
      hash: md5
      md5: 7f273f6cc031e44fb57796d939833a68
      size: 817
